
Microsoft Visual Studio Solution File, Format Version 12.00
Project("{FAE04EC0-301F-11D3-BF4B-00C04F79EFBC}") = "CW21Ta23.Presentation", "CW21Ta23.Presentation\CW21Ta23.Presentation.csproj", "{06E21ADB-0B37-414E-8A74-90D21FED7F4F}"
EndProject
Project("{2150E333-8FDC-42A3-9474-1A3956D46DE8}") = "Presentation", "Presentation", "{7F332FA8-0E95-49C0-A4D6-7079473BDE9A}"
EndProject
Project("{2150E333-8FDC-42A3-9474-1A3956D46DE8}") = "Service", "Service", "{8ADA336F-C1D3-42CF-8E76-8AF50F8CDC7B}"
EndProject
Project("{2150E333-8FDC-42A3-9474-1A3956D46DE8}") = "Infrastructure", "Infrastructure", "{26D07930-4DDC-4F6A-B736-B075394338E6}"
EndProject
Project("{2150E333-8FDC-42A3-9474-1A3956D46DE8}") = "Domain", "Domain", "{EBBF06A7-2566-47A6-AE78-2F0C8DDCF10A}"
EndProject
Project("{FAE04EC0-301F-11D3-BF4B-00C04F79EFBC}") = "CW21Ta23.Domain", "CW21Ta23.Domain\CW21Ta23.Domain.csproj", "{E24C1A63-0F14-42A1-9423-8A4B7EFFD73D}"
EndProject
Project("{FAE04EC0-301F-11D3-BF4B-00C04F79EFBC}") = "CW21Ta23.Infrastructure", "CW21Ta23.Infrastructure\CW21Ta23.Infrastructure.csproj", "{FC842836-6C50-4ED7-9B50-062097F375C4}"
EndProject
Project("{FAE04EC0-301F-11D3-BF4B-00C04F79EFBC}") = "CW21Ta23.Service", "CW21Ta23.Service\CW21Ta23.Service.csproj", "{6C311D3C-0212-4BA0-A4EC-511BFB43C794}"
EndProject
Project("{FAE04EC0-301F-11D3-BF4B-00C04F79EFBC}") = "CW21Ta23.WebApi", "CW21Ta23.WebApi\CW21Ta23.WebApi.csproj", "{FF785A99-6041-478B-9A6E-964BBBEAD0AC}"
EndProject
Global
	GlobalSection(SolutionConfigurationPlatforms) = preSolution
		Debug|Any CPU = Debug|Any CPU
		Release|Any CPU = Release|Any CPU
	EndGlobalSection
	GlobalSection(ProjectConfigurationPlatforms) = postSolution
		{06E21ADB-0B37-414E-8A74-90D21FED7F4F}.Debug|Any CPU.ActiveCfg = Debug|Any CPU
		{06E21ADB-0B37-414E-8A74-90D21FED7F4F}.Debug|Any CPU.Build.0 = Debug|Any CPU
		{06E21ADB-0B37-414E-8A74-90D21FED7F4F}.Release|Any CPU.ActiveCfg = Release|Any CPU
		{06E21ADB-0B37-414E-8A74-90D21FED7F4F}.Release|Any CPU.Build.0 = Release|Any CPU
		{E24C1A63-0F14-42A1-9423-8A4B7EFFD73D}.Debug|Any CPU.ActiveCfg = Debug|Any CPU
		{E24C1A63-0F14-42A1-9423-8A4B7EFFD73D}.Debug|Any CPU.Build.0 = Debug|Any CPU
		{E24C1A63-0F14-42A1-9423-8A4B7EFFD73D}.Release|Any CPU.ActiveCfg = Release|Any CPU
		{E24C1A63-0F14-42A1-9423-8A4B7EFFD73D}.Release|Any CPU.Build.0 = Release|Any CPU
		{FC842836-6C50-4ED7-9B50-062097F375C4}.Debug|Any CPU.ActiveCfg = Debug|Any CPU
		{FC842836-6C50-4ED7-9B50-062097F375C4}.Debug|Any CPU.Build.0 = Debug|Any CPU
		{FC842836-6C50-4ED7-9B50-062097F375C4}.Release|Any CPU.ActiveCfg = Release|Any CPU
		{FC842836-6C50-4ED7-9B50-062097F375C4}.Release|Any CPU.Build.0 = Release|Any CPU
		{6C311D3C-0212-4BA0-A4EC-511BFB43C794}.Debug|Any CPU.ActiveCfg = Debug|Any CPU
		{6C311D3C-0212-4BA0-A4EC-511BFB43C794}.Debug|Any CPU.Build.0 = Debug|Any CPU
		{6C311D3C-0212-4BA0-A4EC-511BFB43C794}.Release|Any CPU.ActiveCfg = Release|Any CPU
		{6C311D3C-0212-4BA0-A4EC-511BFB43C794}.Release|Any CPU.Build.0 = Release|Any CPU
		{FF785A99-6041-478B-9A6E-964BBBEAD0AC}.Debug|Any CPU.ActiveCfg = Debug|Any CPU
		{FF785A99-6041-478B-9A6E-964BBBEAD0AC}.Debug|Any CPU.Build.0 = Debug|Any CPU
		{FF785A99-6041-478B-9A6E-964BBBEAD0AC}.Release|Any CPU.ActiveCfg = Release|Any CPU
		{FF785A99-6041-478B-9A6E-964BBBEAD0AC}.Release|Any CPU.Build.0 = Release|Any CPU
	EndGlobalSection
	GlobalSection(NestedProjects) = preSolution
		{06E21ADB-0B37-414E-8A74-90D21FED7F4F} = {7F332FA8-0E95-49C0-A4D6-7079473BDE9A}
		{E24C1A63-0F14-42A1-9423-8A4B7EFFD73D} = {EBBF06A7-2566-47A6-AE78-2F0C8DDCF10A}
		{FC842836-6C50-4ED7-9B50-062097F375C4} = {26D07930-4DDC-4F6A-B736-B075394338E6}
		{6C311D3C-0212-4BA0-A4EC-511BFB43C794} = {8ADA336F-C1D3-42CF-8E76-8AF50F8CDC7B}
		{FF785A99-6041-478B-9A6E-964BBBEAD0AC} = {7F332FA8-0E95-49C0-A4D6-7079473BDE9A}
	EndGlobalSection
EndGlobal
